
Microsoft Visual Studio Solution File, Format Version 12.00
# Visual Studio Version 16
VisualStudioVersion = 16.0.31112.23
MinimumVisualStudioVersion = 10.0.40219.1
Project("{FAE04EC0-301F-11D3-BF4B-00C04F79EFBC}") = "divider_complete", "divider_complete\divider_complete.csproj", "{0F9AC8AD-979B-490E-890C-E3E4C7C831FD}"
EndProject
Global
	GlobalSection(SolutionConfigurationPlatforms) = preSolution
		Debug|Any CPU = Debug|Any CPU
		Release|Any CPU = Release|Any CPU
	EndGlobalSection
	GlobalSection(ProjectConfigurationPlatforms) = postSolution
		{0F9AC8AD-979B-490E-890C-E3E4C7C831FD}.Debug|Any CPU.ActiveCfg = Debug|Any CPU
		{0F9AC8AD-979B-490E-890C-E3E4C7C831FD}.Debug|Any CPU.Build.0 = Debug|Any CPU
		{0F9AC8AD-979B-490E-890C-E3E4C7C831FD}.Release|Any CPU.ActiveCfg = Release|Any CPU
		{0F9AC8AD-979B-490E-890C-E3E4C7C831FD}.Release|Any CPU.Build.0 = Release|Any CPU
	EndGlobalSection
	GlobalSection(SolutionProperties) = preSolution
		HideSolutionNode = FALSE
	EndGlobalSection
	GlobalSection(ExtensibilityGlobals) = postSolution
		SolutionGuid = {9BC535CA-D686-4D0B-B270-4F160799C45B}
	EndGlobalSection
EndGlobal
